
Microsoft Visual Studio Solution File, Format Version 12.00
# Visual Studio 15
VisualStudioVersion = 15.0.27703.2047
MinimumVisualStudioVersion = 10.0.40219.1
Project("{FAE04EC0-301F-11D3-BF4B-00C04F79EFBC}") = "GameCore", "GameCore\GameCore.csproj", "{F3219F54-DDEE-42AF-A417-7E9670953046}"
EndProject
Project("{FAE04EC0-301F-11D3-BF4B-00C04F79EFBC}") = "View", "Window\View.csproj", "{EAAB4287-C2BC-4843-93F5-EECDA119B1EC}"
EndProject
Project("{FAE04EC0-301F-11D3-BF4B-00C04F79EFBC}") = "AI", "AI\AI.csproj", "{A74DB5C5-1EE8-4474-B200-508893BBC976}"
EndProject
Project("{FAE04EC0-301F-11D3-BF4B-00C04F79EFBC}") = "TestAppLog", "TestApp\TestAppLog.csproj", "{D3C966F6-F933-4548-944F-B7C91917D7DD}"
EndProject
Project("{FAE04EC0-301F-11D3-BF4B-00C04F79EFBC}") = "TestAppTournament", "TestAppTournament\TestAppTournament.csproj", "{7F8618CE-B877-4070-BA2A-0CEA3CC9B252}"
EndProject
Project("{FAE04EC0-301F-11D3-BF4B-00C04F79EFBC}") = "Evolution", "KingdomEvolution\Evolution.csproj", "{8C9E7CF0-FB7C-407F-ACC4-5689DD1E24F1}"
EndProject
Global
	GlobalSection(SolutionConfigurationPlatforms) = preSolution
		Debug|Any CPU = Debug|Any CPU
		Release|Any CPU = Release|Any CPU
	EndGlobalSection
	GlobalSection(ProjectConfigurationPlatforms) = postSolution
		{F3219F54-DDEE-42AF-A417-7E9670953046}.Debug|Any CPU.ActiveCfg = Debug|Any CPU
		{F3219F54-DDEE-42AF-A417-7E9670953046}.Debug|Any CPU.Build.0 = Debug|Any CPU
		{F3219F54-DDEE-42AF-A417-7E9670953046}.Release|Any CPU.ActiveCfg = Release|Any CPU
		{F3219F54-DDEE-42AF-A417-7E9670953046}.Release|Any CPU.Build.0 = Release|Any CPU
		{EAAB4287-C2BC-4843-93F5-EECDA119B1EC}.Debug|Any CPU.ActiveCfg = Debug|Any CPU
		{EAAB4287-C2BC-4843-93F5-EECDA119B1EC}.Debug|Any CPU.Build.0 = Debug|Any CPU
		{EAAB4287-C2BC-4843-93F5-EECDA119B1EC}.Release|Any CPU.ActiveCfg = Release|Any CPU
		{EAAB4287-C2BC-4843-93F5-EECDA119B1EC}.Release|Any CPU.Build.0 = Release|Any CPU
		{A74DB5C5-1EE8-4474-B200-508893BBC976}.Debug|Any CPU.ActiveCfg = Debug|Any CPU
		{A74DB5C5-1EE8-4474-B200-508893BBC976}.Debug|Any CPU.Build.0 = Debug|Any CPU
		{A74DB5C5-1EE8-4474-B200-508893BBC976}.Release|Any CPU.ActiveCfg = Release|Any CPU
		{A74DB5C5-1EE8-4474-B200-508893BBC976}.Release|Any CPU.Build.0 = Release|Any CPU
		{D3C966F6-F933-4548-944F-B7C91917D7DD}.Debug|Any CPU.ActiveCfg = Debug|Any CPU
		{D3C966F6-F933-4548-944F-B7C91917D7DD}.Debug|Any CPU.Build.0 = Debug|Any CPU
		{D3C966F6-F933-4548-944F-B7C91917D7DD}.Release|Any CPU.ActiveCfg = Release|Any CPU
		{D3C966F6-F933-4548-944F-B7C91917D7DD}.Release|Any CPU.Build.0 = Release|Any CPU
		{7F8618CE-B877-4070-BA2A-0CEA3CC9B252}.Debug|Any CPU.ActiveCfg = Debug|Any CPU
		{7F8618CE-B877-4070-BA2A-0CEA3CC9B252}.Debug|Any CPU.Build.0 = Debug|Any CPU
		{7F8618CE-B877-4070-BA2A-0CEA3CC9B252}.Release|Any CPU.ActiveCfg = Release|Any CPU
		{7F8618CE-B877-4070-BA2A-0CEA3CC9B252}.Release|Any CPU.Build.0 = Release|Any CPU
		{8C9E7CF0-FB7C-407F-ACC4-5689DD1E24F1}.Debug|Any CPU.ActiveCfg = Debug|Any CPU
		{8C9E7CF0-FB7C-407F-ACC4-5689DD1E24F1}.Debug|Any CPU.Build.0 = Debug|Any CPU
		{8C9E7CF0-FB7C-407F-ACC4-5689DD1E24F1}.Release|Any CPU.ActiveCfg = Release|Any CPU
		{8C9E7CF0-FB7C-407F-ACC4-5689DD1E24F1}.Release|Any CPU.Build.0 = Release|Any CPU
	EndGlobalSection
	GlobalSection(SolutionProperties) = preSolution
		HideSolutionNode = FALSE
	EndGlobalSection
	GlobalSection(ExtensibilityGlobals) = postSolution
		SolutionGuid = {7568C5CC-A19B-4D45-80DD-9F076E1ABE7B}
	EndGlobalSection
EndGlobal
